<?xml version="1.0" encoding="utf-8"?>
<Project ToolsVersion="4.0" xmlns="http://schemas.microsoft.com/developer/msbuild/2003">
  <ItemGroup>
    <Filter Include="Source Files">
      <UniqueIdentifier>{4FC737F1-C7A5-4376-A066-2A32D752A2FF}</UniqueIdentifier>
      <Extensions>cpp;c;cc;cxx;def;odl;idl;hpj;bat;asm;asmx</Extensions>
    </Filter>
    <Filter Include="Header Files">
      <UniqueIdentifier>{93995380-89BD-4b04-88EB-625FBE52EBFB}</UniqueIdentifier>
      <Extensions>h;hpp;hxx;hm;inl;inc;xsd</Extensions>
    </Filter>
    <Filter Include="Resource Files">
      <UniqueIdentifier>{67DA6AB6-F800-4c08-8B7A-83BB121AAD01}</UniqueIdentifier>
      <Extensions>rc;ico;cur;bmp;dlg;rc2;rct;bin;rgs;gif;jpg;jpeg;jpe;resx;tiff;tif;png;wav;mfcribbon-ms</Extensions>
    </Filter>
    <Filter Include="Source Files\Objects">
      <UniqueIdentifier>{eb0fe1ba-2dca-4971-84c4-3d47359f8a4f}</UniqueIdentifier>
    </Filter>
    <Filter Include="Header Files\Objects">
      <UniqueIdentifier>{da8fe534-5ddb-42cf-933b-02fd5ed5b297}</UniqueIdentifier>
    </Filter>
    <Filter Include="Header Files\Gamestates">
      <UniqueIdentifier>{725544c2-1f64-48fa-a917-8d5ad030b364}</UniqueIdentifier>
    </Filter>
    <Filter Include="Source Files\Gamestates">
      <UniqueIdentifier>{8a4b33ae-64a3-48c3-abf6-3bea6a63ec72}</UniqueIdentifier>
    </Filter>
    <Filter Include="Source Files\FileTypes">
      <UniqueIdentifier>{0bf11e0f-edb8-4a2c-a9a3-cf2e05d39486}</UniqueIdentifier>
    </Filter>
    <Filter Include="Header Files\FileTypes">
      <UniqueIdentifier>{299e7fb0-649e-4231-a269-de406b6b6680}</UniqueIdentifier>
    </Filter>
    <Filter Include="Header Files\BaseTypes">
      <UniqueIdentifier>{d271a02e-cd65-4927-be37-eef1e5e8ac01}</UniqueIdentifier>
    </Filter>
    <Filter Include="Header Files\Managers">
      <UniqueIdentifier>{c704ca45-f1fb-4d3b-9682-b2a7ecd25a9c}</UniqueIdentifier>
    </Filter>
    <Filter Include="Source Files\BaseTypes">
      <UniqueIdentifier>{0ffc70f6-ad80-424e-8d4b-ec8c576d7124}</UniqueIdentifier>
    </Filter>
    <Filter Include="Source Files\Managers">
      <UniqueIdentifier>{de823887-5ed3-447b-bf77-5a1163d81ee4}</UniqueIdentifier>
    </Filter>
  </ItemGroup>
  <ItemGroup>
    <ClCompile Include="main.cpp">
      <Filter>Source Files</Filter>
    </ClCompile>
    <ClCompile Include="Wall.cpp">
      <Filter>Source Files\Objects</Filter>
    </ClCompile>
    <ClCompile Include="MainGame.cpp">
      <Filter>Source Files\Gamestates</Filter>
    </ClCompile>
    <ClCompile Include="camera.cpp">
      <Filter>Source Files\Objects</Filter>
    </ClCompile>
    <ClCompile Include="File.cpp">
      <Filter>Source Files\BaseTypes</Filter>
    </ClCompile>
    <ClCompile Include="ObjectManager.cpp">
      <Filter>Source Files\Managers</Filter>
    </ClCompile>
    <ClCompile Include="FileManager.cpp">
      <Filter>Source Files\Managers</Filter>
    </ClCompile>
    <ClCompile Include="Pond.cpp">
      <Filter>Source Files\Managers</Filter>
    </ClCompile>
    <ClCompile Include="ActionEvent.cpp">
      <Filter>Source Files\BaseTypes</Filter>
    </ClCompile>
    <ClCompile Include="Wave.cpp">
      <Filter>Source Files\Objects</Filter>
    </ClCompile>
    <ClCompile Include="UnifiedManager.cpp">
      <Filter>Source Files</Filter>
    </ClCompile>
    <ClCompile Include="Shader.cpp">
      <Filter>Source Files\FileTypes</Filter>
    </ClCompile>
    <ClCompile Include="Shaders\vertexShader.glsl">
      <Filter>Source Files</Filter>
    </ClCompile>
  </ItemGroup>
  <ItemGroup>
    <ClInclude Include="types.h">
      <Filter>Header Files</Filter>
    </ClInclude>
    <ClInclude Include="Wall.h">
      <Filter>Header Files\Objects</Filter>
    </ClInclude>
    <ClInclude Include="MainGame.h">
      <Filter>Header Files\Gamestates</Filter>
    </ClInclude>
    <ClInclude Include="camera.h">
      <Filter>Header Files\Objects</Filter>
    </ClInclude>
    <ClInclude Include="File.h">
      <Filter>Header Files\BaseTypes</Filter>
    </ClInclude>
    <ClInclude Include="Object.h">
      <Filter>Header Files\BaseTypes</Filter>
    </ClInclude>
    <ClInclude Include="Gamestate.h">
      <Filter>Header Files\BaseTypes</Filter>
    </ClInclude>
    <ClInclude Include="FileManager.h">
      <Filter>Header Files\Managers</Filter>
    </ClInclude>
    <ClInclude Include="ObjectManager.h">
      <Filter>Header Files\Managers</Filter>
    </ClInclude>
    <ClInclude Include="Pond.h">
      <Filter>Header Files\Managers</Filter>
    </ClInclude>
    <ClInclude Include="ActionEvent.h">
      <Filter>Header Files\BaseTypes</Filter>
    </ClInclude>
    <ClInclude Include="Wave.h">
      <Filter>Header Files\Objects</Filter>
    </ClInclude>
    <ClInclude Include="UnifiedManager.h">
      <Filter>Header Files</Filter>
    </ClInclude>
    <ClInclude Include="Shader.h">
      <Filter>Header Files\FileTypes</Filter>
    </ClInclude>
  </ItemGroup>
  <ItemGroup>
    <None Include="Shaders\fragShader.glsl" />
  </ItemGroup>
</Project>